
Microsoft Visual Studio Solution File, Format Version 12.00
# Visual Studio Version 17
VisualStudioVersion = 17.6.33815.320
MinimumVisualStudioVersion = 10.0.40219.1
Project("{9A19103F-16F7-4668-BE54-9A1E7A4F7556}") = "TrimVideo", "TrimVideo\TrimVideo.csproj", "{BFBC25C0-A824-4BA9-B42F-19B9BE9F9ED2}"
EndProject
Project("{FAE04EC0-301F-11D3-BF4B-00C04F79EFBC}") = "FastTrimVideoOnWindows", "FastTrimVideoOnWindows\FastTrimVideoOnWindows\FastTrimVideoOnWindows.csproj", "{79F3CA12-E278-4383-AC00-6CD2B5D325B7}"
EndProject
Project("{FAE04EC0-301F-11D3-BF4B-00C04F79EFBC}") = "FormatUSBCommand", "FormatUSBCommand\FormatUSBCommand.csproj", "{C3EB8D3B-2A33-4AD5-B987-3730071F1B9A}"
EndProject
Project("{FAE04EC0-301F-11D3-BF4B-00C04F79EFBC}") = "FormatUSBWindow", "FormatUSBWindow\FormatUSBWindow.csproj", "{3DA76274-3528-4509-8B10-4AFD9B58E6C3}"
EndProject
Project("{FAE04EC0-301F-11D3-BF4B-00C04F79EFBC}") = "TrimVideoDesktop", "TrimVideoDesktop\TrimVideoDesktop.csproj", "{7AE28F16-51DF-4411-9C3D-575634E285AE}"
EndProject
Global
	GlobalSection(SolutionConfigurationPlatforms) = preSolution
		Debug|Any CPU = Debug|Any CPU
		Release|Any CPU = Release|Any CPU
	EndGlobalSection
	GlobalSection(ProjectConfigurationPlatforms) = postSolution
		{BFBC25C0-A824-4BA9-B42F-19B9BE9F9ED2}.Debug|Any CPU.ActiveCfg = Debug|Any CPU
		{BFBC25C0-A824-4BA9-B42F-19B9BE9F9ED2}.Debug|Any CPU.Build.0 = Debug|Any CPU
		{BFBC25C0-A824-4BA9-B42F-19B9BE9F9ED2}.Release|Any CPU.ActiveCfg = Release|Any CPU
		{BFBC25C0-A824-4BA9-B42F-19B9BE9F9ED2}.Release|Any CPU.Build.0 = Release|Any CPU
		{79F3CA12-E278-4383-AC00-6CD2B5D325B7}.Debug|Any CPU.ActiveCfg = Debug|Any CPU
		{79F3CA12-E278-4383-AC00-6CD2B5D325B7}.Debug|Any CPU.Build.0 = Debug|Any CPU
		{79F3CA12-E278-4383-AC00-6CD2B5D325B7}.Release|Any CPU.ActiveCfg = Release|Any CPU
		{79F3CA12-E278-4383-AC00-6CD2B5D325B7}.Release|Any CPU.Build.0 = Release|Any CPU
		{C3EB8D3B-2A33-4AD5-B987-3730071F1B9A}.Debug|Any CPU.ActiveCfg = Debug|Any CPU
		{C3EB8D3B-2A33-4AD5-B987-3730071F1B9A}.Debug|Any CPU.Build.0 = Debug|Any CPU
		{C3EB8D3B-2A33-4AD5-B987-3730071F1B9A}.Release|Any CPU.ActiveCfg = Release|Any CPU
		{C3EB8D3B-2A33-4AD5-B987-3730071F1B9A}.Release|Any CPU.Build.0 = Release|Any CPU
		{3DA76274-3528-4509-8B10-4AFD9B58E6C3}.Debug|Any CPU.ActiveCfg = Debug|Any CPU
		{3DA76274-3528-4509-8B10-4AFD9B58E6C3}.Debug|Any CPU.Build.0 = Debug|Any CPU
		{3DA76274-3528-4509-8B10-4AFD9B58E6C3}.Release|Any CPU.ActiveCfg = Release|Any CPU
		{3DA76274-3528-4509-8B10-4AFD9B58E6C3}.Release|Any CPU.Build.0 = Release|Any CPU
		{7AE28F16-51DF-4411-9C3D-575634E285AE}.Debug|Any CPU.ActiveCfg = Debug|Any CPU
		{7AE28F16-51DF-4411-9C3D-575634E285AE}.Debug|Any CPU.Build.0 = Debug|Any CPU
		{7AE28F16-51DF-4411-9C3D-575634E285AE}.Release|Any CPU.ActiveCfg = Release|Any CPU
		{7AE28F16-51DF-4411-9C3D-575634E285AE}.Release|Any CPU.Build.0 = Release|Any CPU
	EndGlobalSection
	GlobalSection(SolutionProperties) = preSolution
		HideSolutionNode = FALSE
	EndGlobalSection
	GlobalSection(ExtensibilityGlobals) = postSolution
		SolutionGuid = {1785FC84-394F-4C56-830A-E0E161AB6022}
	EndGlobalSection
EndGlobal
